// !$*UTF8*$!
{
	archiveVersion = 1;
	classes = {
	};
	objectVersion = 50;
	objects = {

/* Begin PBXBuildFile section */
		5903C15C21BA051E0012DDFA /* AppDetailScreenshotCell.swift in Sources */ = {isa = PBXBuildFile; fileRef = 5903C15B21BA051E0012DDFA /* AppDetailScreenshotCell.swift */; };
		5903C15E21BA052C0012DDFA /* AppDetailScreenshotCell.xib in Resources */ = {isa = PBXBuildFile; fileRef = 5903C15D21BA052C0012DDFA /* AppDetailScreenshotCell.xib */; };
		59146BE221B9F46A00F2744C /* AppDetailRatingsCell.xib in Resources */ = {isa = PBXBuildFile; fileRef = 59146BE121B9F46A00F2744C /* AppDetailRatingsCell.xib */; };
		59146BE421B9F78A00F2744C /* AppDetailRatingsCell.swift in Sources */ = {isa = PBXBuildFile; fileRef = 59146BE321B9F78A00F2744C /* AppDetailRatingsCell.swift */; };
		5916D07621B7A7D800FD98DA /* SearchService.swift in Sources */ = {isa = PBXBuildFile; fileRef = 5916D07521B7A7D800FD98DA /* SearchService.swift */; };
		5916D07921B7AE4700FD98DA /* Result.swift in Sources */ = {isa = PBXBuildFile; fileRef = 5916D07821B7AE4700FD98DA /* Result.swift */; };
		592A6C2C21B8B51600AC2865 /* ImageLoading.swift in Sources */ = {isa = PBXBuildFile; fileRef = 592A6C2B21B8B51600AC2865 /* ImageLoading.swift */; };
		592A6C2E21B8B5EF00AC2865 /* Constant.swift in Sources */ = {isa = PBXBuildFile; fileRef = 592A6C2D21B8B5EF00AC2865 /* Constant.swift */; };
		592A6C3321B8DD8D00AC2865 /* SearchVC+SearchResultsVCDelegate.swift in Sources */ = {isa = PBXBuildFile; fileRef = 592A6C3221B8DD8D00AC2865 /* SearchVC+SearchResultsVCDelegate.swift */; };
		592A6C3521B8DEE000AC2865 /* SearchResultsVC+TableViewDataSource.swift in Sources */ = {isa = PBXBuildFile; fileRef = 592A6C3421B8DEE000AC2865 /* SearchResultsVC+TableViewDataSource.swift */; };
		592A6C3721B8DF0300AC2865 /* SearchResultsVC+TableViewDelegate.swift in Sources */ = {isa = PBXBuildFile; fileRef = 592A6C3621B8DF0300AC2865 /* SearchResultsVC+TableViewDelegate.swift */; };
		592A6C3921B8E0A900AC2865 /* SearchResultsVC+SearchVCDelegate.swift in Sources */ = {isa = PBXBuildFile; fileRef = 592A6C3821B8E0A900AC2865 /* SearchResultsVC+SearchVCDelegate.swift */; };
		593F96BE2253A68E00E72884 /* Extension+UILabel.swift in Sources */ = {isa = PBXBuildFile; fileRef = 593F96BD2253A68E00E72884 /* Extension+UILabel.swift */; };
		5952A1B021B9FFE000DA4394 /* AppDetailScreenshotsCell.xib in Resources */ = {isa = PBXBuildFile; fileRef = 5952A1AF21B9FFE000DA4394 /* AppDetailScreenshotsCell.xib */; };
		5952A1B221BA003300DA4394 /* AppDetailScreenshotsCell.swift in Sources */ = {isa = PBXBuildFile; fileRef = 5952A1B121BA003300DA4394 /* AppDetailScreenshotsCell.swift */; };
		5956318921B932060010B2BE /* CategoriesService.swift in Sources */ = {isa = PBXBuildFile; fileRef = 5956318821B932060010B2BE /* CategoriesService.swift */; };
		5956318B21B936D30010B2BE /* CategoryViewController.swift in Sources */ = {isa = PBXBuildFile; fileRef = 5956318A21B936D30010B2BE /* CategoryViewController.swift */; };
		595BC75621BA5D4300A9CE80 /* AppDetailVersionCell.xib in Resources */ = {isa = PBXBuildFile; fileRef = 595BC75521BA5D4300A9CE80 /* AppDetailVersionCell.xib */; };
		595BC75821BA5EC500A9CE80 /* AppDetailVersionCell.swift in Sources */ = {isa = PBXBuildFile; fileRef = 595BC75721BA5EC500A9CE80 /* AppDetailVersionCell.swift */; };
		595BF0B021B8549D00965F1E /* CustomError.swift in Sources */ = {isa = PBXBuildFile; fileRef = 595BF0AF21B8549D00965F1E /* CustomError.swift */; };
		595BF0B221B86C3D00965F1E /* SearchResultsViewController.swift in Sources */ = {isa = PBXBuildFile; fileRef = 595BF0B121B86C3D00965F1E /* SearchResultsViewController.swift */; };
		595BF0B521B877E700965F1E /* SearchVC+TableViewDataSource.swift in Sources */ = {isa = PBXBuildFile; fileRef = 595BF0B421B877E700965F1E /* SearchVC+TableViewDataSource.swift */; };
		595BF0B721B8783500965F1E /* SearchResultsVC+SearchResultsUpdating.swift in Sources */ = {isa = PBXBuildFile; fileRef = 595BF0B621B8783500965F1E /* SearchResultsVC+SearchResultsUpdating.swift */; };
		595BF0B921B8785A00965F1E /* SearchResultsVC+SearchBarDelegate.swift in Sources */ = {isa = PBXBuildFile; fileRef = 595BF0B821B8785A00965F1E /* SearchResultsVC+SearchBarDelegate.swift */; };
		595BF0BD21B89C3A00965F1E /* SearchVC+TableViewDelegate.swift in Sources */ = {isa = PBXBuildFile; fileRef = 595BF0BC21B89C3A00965F1E /* SearchVC+TableViewDelegate.swift */; };
		595BF0C021B89EC400965F1E /* LargeAppCell.xib in Resources */ = {isa = PBXBuildFile; fileRef = 595BF0BF21B89EC400965F1E /* LargeAppCell.xib */; };
		595BF0C221B8AD0F00965F1E /* LargeAppCell.swift in Sources */ = {isa = PBXBuildFile; fileRef = 595BF0C121B8AD0F00965F1E /* LargeAppCell.swift */; };
		5963C30121BF447C002ACE13 /* DeleteService.swift in Sources */ = {isa = PBXBuildFile; fileRef = 5963C30021BF447C002ACE13 /* DeleteService.swift */; };
		5963C30521BF7CE0002ACE13 /* Extension+UIView.swift in Sources */ = {isa = PBXBuildFile; fileRef = 5963C30421BF7CE0002ACE13 /* Extension+UIView.swift */; };
		5963C30721BF82D5002ACE13 /* Extension+UIRefreshControl.swift in Sources */ = {isa = PBXBuildFile; fileRef = 5963C30621BF82D5002ACE13 /* Extension+UIRefreshControl.swift */; };
		5983584421B76E0500362AC5 /* Extension+UIViewController.swift in Sources */ = {isa = PBXBuildFile; fileRef = 5983584321B76E0500362AC5 /* Extension+UIViewController.swift */; };
		5984542021BF0E3A00FD729F /* NewService.swift in Sources */ = {isa = PBXBuildFile; fileRef = 5984541F21BF0E3A00FD729F /* NewService.swift */; };
		599879B521BF110C00681F6E /* NewViewController.swift in Sources */ = {isa = PBXBuildFile; fileRef = 599879B421BF110C00681F6E /* NewViewController.swift */; };
		59B0C52F21B74625004495F6 /* AppDelegate.swift in Sources */ = {isa = PBXBuildFile; fileRef = 59B0C52E21B74625004495F6 /* AppDelegate.swift */; };
		59B0C53121B74625004495F6 /* RecentViewController.swift in Sources */ = {isa = PBXBuildFile; fileRef = 59B0C53021B74625004495F6 /* RecentViewController.swift */; };
		59B0C53321B74625004495F6 /* MostViewedViewController.swift in Sources */ = {isa = PBXBuildFile; fileRef = 59B0C53221B74625004495F6 /* MostViewedViewController.swift */; };
		59B0C53621B74625004495F6 /* Main.storyboard in Resources */ = {isa = PBXBuildFile; fileRef = 59B0C53421B74625004495F6 /* Main.storyboard */; };
		59B0C53821B74626004495F6 /* Assets.xcassets in Resources */ = {isa = PBXBuildFile; fileRef = 59B0C53721B74626004495F6 /* Assets.xcassets */; };
		59B0C53B21B74626004495F6 /* LaunchScreen.storyboard in Resources */ = {isa = PBXBuildFile; fileRef = 59B0C53921B74626004495F6 /* LaunchScreen.storyboard */; };
		59B0C54621B74626004495F6 /* AppStoreTests.swift in Sources */ = {isa = PBXBuildFile; fileRef = 59B0C54521B74626004495F6 /* AppStoreTests.swift */; };
		59B0C55121B74626004495F6 /* AppStoreUITests.swift in Sources */ = {isa = PBXBuildFile; fileRef = 59B0C55021B74626004495F6 /* AppStoreUITests.swift */; };
		59B0C56021B74C24004495F6 /* CategoriesViewController.swift in Sources */ = {isa = PBXBuildFile; fileRef = 59B0C55F21B74C24004495F6 /* CategoriesViewController.swift */; };
		59B0C56221B74C37004495F6 /* SearchViewController.swift in Sources */ = {isa = PBXBuildFile; fileRef = 59B0C56121B74C37004495F6 /* SearchViewController.swift */; };
		59B0C56521B74D1E004495F6 /* RecentService.swift in Sources */ = {isa = PBXBuildFile; fileRef = 59B0C56421B74D1E004495F6 /* RecentService.swift */; };
		59B0C56821B74DB0004495F6 /* Factory.swift in Sources */ = {isa = PBXBuildFile; fileRef = 59B0C56721B74DB0004495F6 /* Factory.swift */; };
		59B0C56E21B7563D004495F6 /* App.swift in Sources */ = {isa = PBXBuildFile; fileRef = 59B0C56D21B7563D004495F6 /* App.swift */; };
		59B0C57021B75D29004495F6 /* Extension+UIStoryboard.swift in Sources */ = {isa = PBXBuildFile; fileRef = 59B0C56F21B75D29004495F6 /* Extension+UIStoryboard.swift */; };
		59D0E52C21BA67C00023B55D /* AppDetailInfoCell.xib in Resources */ = {isa = PBXBuildFile; fileRef = 59D0E52B21BA67C00023B55D /* AppDetailInfoCell.xib */; };
		59D0E52E21BA686F0023B55D /* AppDetailInfoCell.swift in Sources */ = {isa = PBXBuildFile; fileRef = 59D0E52D21BA686F0023B55D /* AppDetailInfoCell.swift */; };
		59D361F721B9B3AA00BFA96E /* AppDetailHeaderCell.xib in Resources */ = {isa = PBXBuildFile; fileRef = 59D361F621B9B3AA00BFA96E /* AppDetailHeaderCell.xib */; };
		59D361F921B9B73D00BFA96E /* AppDetailHeaderCell.swift in Sources */ = {isa = PBXBuildFile; fileRef = 59D361F821B9B73D00BFA96E /* AppDetailHeaderCell.swift */; };
		59D7A5CA21BA518800161FAF /* AppDetailDescriptionCell.xib in Resources */ = {isa = PBXBuildFile; fileRef = 59D7A5C921BA518800161FAF /* AppDetailDescriptionCell.xib */; };
		59D7A5CC21BA52B500161FAF /* AppDetailDescriptionCell.swift in Sources */ = {isa = PBXBuildFile; fileRef = 59D7A5CB21BA52B500161FAF /* AppDetailDescriptionCell.swift */; };
		59F5EA8F21B9B98D0034B18E /* Extension+UIColor.swift in Sources */ = {isa = PBXBuildFile; fileRef = 59F5EA8E21B9B98D0034B18E /* Extension+UIColor.swift */; };
		59F5EA9121B9BC550034B18E /* AppDetailViewController.swift in Sources */ = {isa = PBXBuildFile; fileRef = 59F5EA9021B9BC550034B18E /* AppDetailViewController.swift */; };
		59F8819C21BA6FB200F21F1E /* Extension+String.swift in Sources */ = {isa = PBXBuildFile; fileRef = 59F8819B21BA6FB200F21F1E /* Extension+String.swift */; };
		59F8819E21BA74D500F21F1E /* MostViewedService.swift in Sources */ = {isa = PBXBuildFile; fileRef = 59F8819D21BA74D500F21F1E /* MostViewedService.swift */; };
/* End PBXBuildFile section */

/* Begin PBXContainerItemProxy section */
		59B0C54221B74626004495F6 /* PBXContainerItemProxy */ = {
			isa = PBXContainerItemProxy;
			containerPortal = 59B0C52321B74624004495F6 /* Project object */;
			proxyType = 1;
			remoteGlobalIDString = 59B0C52A21B74624004495F6;
			remoteInfo = AppStore;
		};
		59B0C54D21B74626004495F6 /* PBXContainerItemProxy */ = {
			isa = PBXContainerItemProxy;
			containerPortal = 59B0C52321B74624004495F6 /* Project object */;
			proxyType = 1;
			remoteGlobalIDString = 59B0C52A21B74624004495F6;
			remoteInfo = AppStore;
		};
/* End PBXContainerItemProxy section */

/* Begin PBXFileReference section */
		5903C15B21BA051E0012DDFA /* AppDetailScreenshotCell.swift */ = {isa = PBXFileReference; lastKnownFileType = sourcecode.swift; path = AppDetailScreenshotCell.swift; sourceTree = "<group>"; };
		5903C15D21BA052C0012DDFA /* AppDetailScreenshotCell.xib */ = {isa = PBXFileReference; lastKnownFileType = file.xib; path = AppDetailScreenshotCell.xib; sourceTree = "<group>"; };
		59146BE121B9F46A00F2744C /* AppDetailRatingsCell.xib */ = {isa = PBXFileReference; lastKnownFileType = file.xib; path = AppDetailRatingsCell.xib; sourceTree = "<group>"; };
		59146BE321B9F78A00F2744C /* AppDetailRatingsCell.swift */ = {isa = PBXFileReference; lastKnownFileType = sourcecode.swift; path = AppDetailRatingsCell.swift; sourceTree = "<group>"; };
		5916D07521B7A7D800FD98DA /* SearchService.swift */ = {isa = PBXFileReference; lastKnownFileType = sourcecode.swift; path = SearchService.swift; sourceTree = "<group>"; };
		5916D07821B7AE4700FD98DA /* Result.swift */ = {isa = PBXFileReference; lastKnownFileType = sourcecode.swift; path = Result.swift; sourceTree = "<group>"; };
		592A6C2B21B8B51600AC2865 /* ImageLoading.swift */ = {isa = PBXFileReference; lastKnownFileType = sourcecode.swift; path = ImageLoading.swift; sourceTree = "<group>"; };
		592A6C2D21B8B5EF00AC2865 /* Constant.swift */ = {isa = PBXFileReference; lastKnownFileType = sourcecode.swift; path = Constant.swift; sourceTree = "<group>"; };
		592A6C3221B8DD8D00AC2865 /* SearchVC+SearchResultsVCDelegate.swift */ = {isa = PBXFileReference; lastKnownFileType = sourcecode.swift; path = "SearchVC+SearchResultsVCDelegate.swift"; sourceTree = "<group>"; };
		592A6C3421B8DEE000AC2865 /* SearchResultsVC+TableViewDataSource.swift */ = {isa = PBXFileReference; lastKnownFileType = sourcecode.swift; path = "SearchResultsVC+TableViewDataSource.swift"; sourceTree = "<group>"; };
		592A6C3621B8DF0300AC2865 /* SearchResultsVC+TableViewDelegate.swift */ = {isa = PBXFileReference; lastKnownFileType = sourcecode.swift; path = "SearchResultsVC+TableViewDelegate.swift"; sourceTree = "<group>"; };
		592A6C3821B8E0A900AC2865 /* SearchResultsVC+SearchVCDelegate.swift */ = {isa = PBXFileReference; lastKnownFileType = sourcecode.swift; path = "SearchResultsVC+SearchVCDelegate.swift"; sourceTree = "<group>"; };
		593F96BD2253A68E00E72884 /* Extension+UILabel.swift */ = {isa = PBXFileReference; lastKnownFileType = sourcecode.swift; path = "Extension+UILabel.swift"; sourceTree = "<group>"; };
		5952A1AF21B9FFE000DA4394 /* AppDetailScreenshotsCell.xib */ = {isa = PBXFileReference; lastKnownFileType = file.xib; path = AppDetailScreenshotsCell.xib; sourceTree = "<group>"; };
		5952A1B121BA003300DA4394 /* AppDetailScreenshotsCell.swift */ = {isa = PBXFileReference; lastKnownFileType = sourcecode.swift; path = AppDetailScreenshotsCell.swift; sourceTree = "<group>"; };
		5956318821B932060010B2BE /* CategoriesService.swift */ = {isa = PBXFileReference; lastKnownFileType = sourcecode.swift; path = CategoriesService.swift; sourceTree = "<group>"; };
		5956318A21B936D30010B2BE /* CategoryViewController.swift */ = {isa = PBXFileReference; lastKnownFileType = sourcecode.swift; path = CategoryViewController.swift; sourceTree = "<group>"; };
		595BC75521BA5D4300A9CE80 /* AppDetailVersionCell.xib */ = {isa = PBXFileReference; lastKnownFileType = file.xib; path = AppDetailVersionCell.xib; sourceTree = "<group>"; };
		595BC75721BA5EC500A9CE80 /* AppDetailVersionCell.swift */ = {isa = PBXFileReference; lastKnownFileType = sourcecode.swift; path = AppDetailVersionCell.swift; sourceTree = "<group>"; };
		595BF0AF21B8549D00965F1E /* CustomError.swift */ = {isa = PBXFileReference; lastKnownFileType = sourcecode.swift; path = CustomError.swift; sourceTree = "<group>"; };
		595BF0B121B86C3D00965F1E /* SearchResultsViewController.swift */ = {isa = PBXFileReference; lastKnownFileType = sourcecode.swift; path = SearchResultsViewController.swift; sourceTree = "<group>"; };
		595BF0B421B877E700965F1E /* SearchVC+TableViewDataSource.swift */ = {isa = PBXFileReference; lastKnownFileType = sourcecode.swift; path = "SearchVC+TableViewDataSource.swift"; sourceTree = "<group>"; };
		595BF0B621B8783500965F1E /* SearchResultsVC+SearchResultsUpdating.swift */ = {isa = PBXFileReference; lastKnownFileType = sourcecode.swift; path = "SearchResultsVC+SearchResultsUpdating.swift"; sourceTree = "<group>"; };
		595BF0B821B8785A00965F1E /* SearchResultsVC+SearchBarDelegate.swift */ = {isa = PBXFileReference; lastKnownFileType = sourcecode.swift; path = "SearchResultsVC+SearchBarDelegate.swift"; sourceTree = "<group>"; };
		595BF0BC21B89C3A00965F1E /* SearchVC+TableViewDelegate.swift */ = {isa = PBXFileReference; lastKnownFileType = sourcecode.swift; path = "SearchVC+TableViewDelegate.swift"; sourceTree = "<group>"; };
		595BF0BF21B89EC400965F1E /* LargeAppCell.xib */ = {isa = PBXFileReference; lastKnownFileType = file.xib; path = LargeAppCell.xib; sourceTree = "<group>"; };
		595BF0C121B8AD0F00965F1E /* LargeAppCell.swift */ = {isa = PBXFileReference; lastKnownFileType = sourcecode.swift; path = LargeAppCell.swift; sourceTree = "<group>"; };
		5963C30021BF447C002ACE13 /* DeleteService.swift */ = {isa = PBXFileReference; lastKnownFileType = sourcecode.swift; path = DeleteService.swift; sourceTree = "<group>"; };
		5963C30421BF7CE0002ACE13 /* Extension+UIView.swift */ = {isa = PBXFileReference; lastKnownFileType = sourcecode.swift; path = "Extension+UIView.swift"; sourceTree = "<group>"; };
		5963C30621BF82D5002ACE13 /* Extension+UIRefreshControl.swift */ = {isa = PBXFileReference; lastKnownFileType = sourcecode.swift; path = "Extension+UIRefreshControl.swift"; sourceTree = "<group>"; };
		5983584321B76E0500362AC5 /* Extension+UIViewController.swift */ = {isa = PBXFileReference; lastKnownFileType = sourcecode.swift; path = "Extension+UIViewController.swift"; sourceTree = "<group>"; };
		5984541F21BF0E3A00FD729F /* NewService.swift */ = {isa = PBXFileReference; lastKnownFileType = sourcecode.swift; path = NewService.swift; sourceTree = "<group>"; };
		599879B421BF110C00681F6E /* NewViewController.swift */ = {isa = PBXFileReference; lastKnownFileType = sourcecode.swift; path = NewViewController.swift; sourceTree = "<group>"; };
		59B0C52B21B74625004495F6 /* AppStore.app */ = {isa = PBXFileReference; explicitFileType = wrapper.application; includeInIndex = 0; path = AppStore.app; sourceTree = BUILT_PRODUCTS_DIR; };
		59B0C52E21B74625004495F6 /* AppDelegate.swift */ = {isa = PBXFileReference; lastKnownFileType = sourcecode.swift; path = AppDelegate.swift; sourceTree = "<group>"; };
		59B0C53021B74625004495F6 /* RecentViewController.swift */ = {isa = PBXFileReference; lastKnownFileType = sourcecode.swift; path = RecentViewController.swift; sourceTree = "<group>"; };
		59B0C53221B74625004495F6 /* MostViewedViewController.swift */ = {isa = PBXFileReference; lastKnownFileType = sourcecode.swift; path = MostViewedViewController.swift; sourceTree = "<group>"; };
		59B0C53521B74625004495F6 /* Base */ = {isa = PBXFileReference; lastKnownFileType = file.storyboard; name = Base; path = Base.lproj/Main.storyboard; sourceTree = "<group>"; };
		59B0C53721B74626004495F6 /* Assets.xcassets */ = {isa = PBXFileReference; lastKnownFileType = folder.assetcatalog; path = Assets.xcassets; sourceTree = "<group>"; };
		59B0C53A21B74626004495F6 /* Base */ = {isa = PBXFileReference; lastKnownFileType = file.storyboard; name = Base; path = Base.lproj/LaunchScreen.storyboard; sourceTree = "<group>"; };
		59B0C53C21B74626004495F6 /* Info.plist */ = {isa = PBXFileReference; lastKnownFileType = text.plist.xml; path = Info.plist; sourceTree = "<group>"; };
		59B0C54121B74626004495F6 /* AppStoreTests.xctest */ = {isa = PBXFileReference; explicitFileType = wrapper.cfbundle; includeInIndex = 0; path = AppStoreTests.xctest; sourceTree = BUILT_PRODUCTS_DIR; };
		59B0C54521B74626004495F6 /* AppStoreTests.swift */ = {isa = PBXFileReference; lastKnownFileType = sourcecode.swift; path = AppStoreTests.swift; sourceTree = "<group>"; };
		59B0C54721B74626004495F6 /* Info.plist */ = {isa = PBXFileReference; lastKnownFileType = text.plist.xml; path = Info.plist; sourceTree = "<group>"; };
		59B0C54C21B74626004495F6 /* AppStoreUITests.xctest */ = {isa = PBXFileReference; explicitFileType = wrapper.cfbundle; includeInIndex = 0; path = AppStoreUITests.xctest; sourceTree = BUILT_PRODUCTS_DIR; };
		59B0C55021B74626004495F6 /* AppStoreUITests.swift */ = {isa = PBXFileReference; lastKnownFileType = sourcecode.swift; path = AppStoreUITests.swift; sourceTree = "<group>"; };
		59B0C55221B74626004495F6 /* Info.plist */ = {isa = PBXFileReference; lastKnownFileType = text.plist.xml; path = Info.plist; sourceTree = "<group>"; };
		59B0C55F21B74C24004495F6 /* CategoriesViewController.swift */ = {isa = PBXFileReference; lastKnownFileType = sourcecode.swift; path = CategoriesViewController.swift; sourceTree = "<group>"; };
		59B0C56121B74C37004495F6 /* SearchViewController.swift */ = {isa = PBXFileReference; lastKnownFileType = sourcecode.swift; path = SearchViewController.swift; sourceTree = "<group>"; };
		59B0C56421B74D1E004495F6 /* RecentService.swift */ = {isa = PBXFileReference; lastKnownFileType = sourcecode.swift; path = RecentService.swift; sourceTree = "<group>"; };
		59B0C56721B74DB0004495F6 /* Factory.swift */ = {isa = PBXFileReference; lastKnownFileType = sourcecode.swift; path = Factory.swift; sourceTree = "<group>"; };
		59B0C56D21B7563D004495F6 /* App.swift */ = {isa = PBXFileReference; lastKnownFileType = sourcecode.swift; path = App.swift; sourceTree = "<group>"; };
		59B0C56F21B75D29004495F6 /* Extension+UIStoryboard.swift */ = {isa = PBXFileReference; lastKnownFileType = sourcecode.swift; path = "Extension+UIStoryboard.swift"; sourceTree = "<group>"; };
		59D0E52B21BA67C00023B55D /* AppDetailInfoCell.xib */ = {isa = PBXFileReference; lastKnownFileType = file.xib; path = AppDetailInfoCell.xib; sourceTree = "<group>"; };
		59D0E52D21BA686F0023B55D /* AppDetailInfoCell.swift */ = {isa = PBXFileReference; lastKnownFileType = sourcecode.swift; path = AppDetailInfoCell.swift; sourceTree = "<group>"; };
		59D361F621B9B3AA00BFA96E /* AppDetailHeaderCell.xib */ = {isa = PBXFileReference; lastKnownFileType = file.xib; path = AppDetailHeaderCell.xib; sourceTree = "<group>"; };
		59D361F821B9B73D00BFA96E /* AppDetailHeaderCell.swift */ = {isa = PBXFileReference; lastKnownFileType = sourcecode.swift; path = AppDetailHeaderCell.swift; sourceTree = "<group>"; };
		59D7A5C921BA518800161FAF /* AppDetailDescriptionCell.xib */ = {isa = PBXFileReference; lastKnownFileType = file.xib; path = AppDetailDescriptionCell.xib; sourceTree = "<group>"; };
		59D7A5CB21BA52B500161FAF /* AppDetailDescriptionCell.swift */ = {isa = PBXFileReference; lastKnownFileType = sourcecode.swift; path = AppDetailDescriptionCell.swift; sourceTree = "<group>"; };
		59F5EA8E21B9B98D0034B18E /* Extension+UIColor.swift */ = {isa = PBXFileReference; lastKnownFileType = sourcecode.swift; path = "Extension+UIColor.swift"; sourceTree = "<group>"; };
		59F5EA9021B9BC550034B18E /* AppDetailViewController.swift */ = {isa = PBXFileReference; lastKnownFileType = sourcecode.swift; path = AppDetailViewController.swift; sourceTree = "<group>"; };
		59F8819B21BA6FB200F21F1E /* Extension+String.swift */ = {isa = PBXFileReference; lastKnownFileType = sourcecode.swift; path = "Extension+String.swift"; sourceTree = "<group>"; };
		59F8819D21BA74D500F21F1E /* MostViewedService.swift */ = {isa = PBXFileReference; lastKnownFileType = sourcecode.swift; path = MostViewedService.swift; sourceTree = "<group>"; };
/* End PBXFileReference section */

/* Begin PBXFrameworksBuildPhase section */
		59B0C52821B74624004495F6 /* Frameworks */ = {
			isa = PBXFrameworksBuildPhase;
			buildActionMask = 2147483647;
			files = (
			);
			runOnlyForDeploymentPostprocessing = 0;
		};
		59B0C53E21B74626004495F6 /* Frameworks */ = {
			isa = PBXFrameworksBuildPhase;
			buildActionMask = 2147483647;
			files = (
			);
			runOnlyForDeploymentPostprocessing = 0;
		};
		59B0C54921B74626004495F6 /* Frameworks */ = {
			isa = PBXFrameworksBuildPhase;
			buildActionMask = 2147483647;
			files = (
			);
			runOnlyForDeploymentPostprocessing = 0;
		};
/* End PBXFrameworksBuildPhase section */

/* Begin PBXGroup section */
		5916D07721B7AE3800FD98DA /* Util */ = {
			isa = PBXGroup;
			children = (
				592A6C2D21B8B5EF00AC2865 /* Constant.swift */,
				5916D07821B7AE4700FD98DA /* Result.swift */,
				595BF0AF21B8549D00965F1E /* CustomError.swift */,
			);
			path = Util;
			sourceTree = "<group>";
		};
		592A6C3121B8CCAC00AC2865 /* SearchResultsViewController */ = {
			isa = PBXGroup;
			children = (
				595BF0B121B86C3D00965F1E /* SearchResultsViewController.swift */,
				592A6C3421B8DEE000AC2865 /* SearchResultsVC+TableViewDataSource.swift */,
				592A6C3621B8DF0300AC2865 /* SearchResultsVC+TableViewDelegate.swift */,
				595BF0B621B8783500965F1E /* SearchResultsVC+SearchResultsUpdating.swift */,
				595BF0B821B8785A00965F1E /* SearchResultsVC+SearchBarDelegate.swift */,
				592A6C3821B8E0A900AC2865 /* SearchResultsVC+SearchVCDelegate.swift */,
			);
			path = SearchResultsViewController;
			sourceTree = "<group>";
		};
		595BF0B321B877BA00965F1E /* SearchViewController */ = {
			isa = PBXGroup;
			children = (
				59B0C56121B74C37004495F6 /* SearchViewController.swift */,
				595BF0B421B877E700965F1E /* SearchVC+TableViewDataSource.swift */,
				595BF0BC21B89C3A00965F1E /* SearchVC+TableViewDelegate.swift */,
				592A6C3221B8DD8D00AC2865 /* SearchVC+SearchResultsVCDelegate.swift */,
			);
			path = SearchViewController;
			sourceTree = "<group>";
		};
		595BF0BE21B89E0700965F1E /* View */ = {
			isa = PBXGroup;
			children = (
				595BF0BF21B89EC400965F1E /* LargeAppCell.xib */,
				59D361F621B9B3AA00BFA96E /* AppDetailHeaderCell.xib */,
				59146BE121B9F46A00F2744C /* AppDetailRatingsCell.xib */,
				5952A1AF21B9FFE000DA4394 /* AppDetailScreenshotsCell.xib */,
				5903C15D21BA052C0012DDFA /* AppDetailScreenshotCell.xib */,
				59D7A5C921BA518800161FAF /* AppDetailDescriptionCell.xib */,
				595BC75521BA5D4300A9CE80 /* AppDetailVersionCell.xib */,
				59D0E52B21BA67C00023B55D /* AppDetailInfoCell.xib */,
				595BF0C121B8AD0F00965F1E /* LargeAppCell.swift */,
				59D361F821B9B73D00BFA96E /* AppDetailHeaderCell.swift */,
				59146BE321B9F78A00F2744C /* AppDetailRatingsCell.swift */,
				5952A1B121BA003300DA4394 /* AppDetailScreenshotsCell.swift */,
				5903C15B21BA051E0012DDFA /* AppDetailScreenshotCell.swift */,
				59D7A5CB21BA52B500161FAF /* AppDetailDescriptionCell.swift */,
				595BC75721BA5EC500A9CE80 /* AppDetailVersionCell.swift */,
				59D0E52D21BA686F0023B55D /* AppDetailInfoCell.swift */,
			);
			path = View;
			sourceTree = "<group>";
		};
		59B0C52221B74624004495F6 = {
			isa = PBXGroup;
			children = (
				59B0C52D21B74625004495F6 /* AppStore */,
				59B0C54421B74626004495F6 /* AppStoreTests */,
				59B0C54F21B74626004495F6 /* AppStoreUITests */,
				59B0C52C21B74625004495F6 /* Products */,
			);
			sourceTree = "<group>";
		};
		59B0C52C21B74625004495F6 /* Products */ = {
			isa = PBXGroup;
			children = (
				59B0C52B21B74625004495F6 /* AppStore.app */,
				59B0C54121B74626004495F6 /* AppStoreTests.xctest */,
				59B0C54C21B74626004495F6 /* AppStoreUITests.xctest */,
			);
			name = Products;
			sourceTree = "<group>";
		};
		59B0C52D21B74625004495F6 /* AppStore */ = {
			isa = PBXGroup;
			children = (
				59B0C56C21B7562D004495F6 /* Model */,
				595BF0BE21B89E0700965F1E /* View */,
				59B0C55E21B74BD8004495F6 /* Controller */,
				59B0C56621B74D64004495F6 /* Factory */,
				59B0C56321B74CE9004495F6 /* Service */,
				59B0C56921B75420004495F6 /* Extension */,
				5916D07721B7AE3800FD98DA /* Util */,
				59B0C52E21B74625004495F6 /* AppDelegate.swift */,
				59B0C53421B74625004495F6 /* Main.storyboard */,
				59B0C53921B74626004495F6 /* LaunchScreen.storyboard */,
				59B0C53721B74626004495F6 /* Assets.xcassets */,
				59B0C53C21B74626004495F6 /* Info.plist */,
			);
			path = AppStore;
			sourceTree = "<group>";
		};
		59B0C54421B74626004495F6 /* AppStoreTests */ = {
			isa = PBXGroup;
			children = (
				59B0C54521B74626004495F6 /* AppStoreTests.swift */,
				59B0C54721B74626004495F6 /* Info.plist */,
			);
			path = AppStoreTests;
			sourceTree = "<group>";
		};
		59B0C54F21B74626004495F6 /* AppStoreUITests */ = {
			isa = PBXGroup;
			children = (
				59B0C55021B74626004495F6 /* AppStoreUITests.swift */,
				59B0C55221B74626004495F6 /* Info.plist */,
			);
			path = AppStoreUITests;
			sourceTree = "<group>";
		};
		59B0C55E21B74BD8004495F6 /* Controller */ = {
			isa = PBXGroup;
			children = (
				59B0C53021B74625004495F6 /* RecentViewController.swift */,
				599879B421BF110C00681F6E /* NewViewController.swift */,
				59B0C53221B74625004495F6 /* MostViewedViewController.swift */,
				59B0C55F21B74C24004495F6 /* CategoriesViewController.swift */,
				5956318A21B936D30010B2BE /* CategoryViewController.swift */,
				59F5EA9021B9BC550034B18E /* AppDetailViewController.swift */,
				595BF0B321B877BA00965F1E /* SearchViewController */,
				592A6C3121B8CCAC00AC2865 /* SearchResultsViewController */,
			);
			path = Controller;
			sourceTree = "<group>";
		};
		59B0C56321B74CE9004495F6 /* Service */ = {
			isa = PBXGroup;
			children = (
				59B0C56421B74D1E004495F6 /* RecentService.swift */,
				5984541F21BF0E3A00FD729F /* NewService.swift */,
				59F8819D21BA74D500F21F1E /* MostViewedService.swift */,
				5956318821B932060010B2BE /* CategoriesService.swift */,
				5916D07521B7A7D800FD98DA /* SearchService.swift */,
				5963C30021BF447C002ACE13 /* DeleteService.swift */,
				592A6C2B21B8B51600AC2865 /* ImageLoading.swift */,
			);
			path = Service;
			sourceTree = "<group>";
		};
		59B0C56621B74D64004495F6 /* Factory */ = {
			isa = PBXGroup;
			children = (
				59B0C56721B74DB0004495F6 /* Factory.swift */,
			);
			path = Factory;
			sourceTree = "<group>";
		};
		59B0C56921B75420004495F6 /* Extension */ = {
			isa = PBXGroup;
			children = (
				59F8819B21BA6FB200F21F1E /* Extension+String.swift */,
				59F5EA8E21B9B98D0034B18E /* Extension+UIColor.swift */,
				593F96BD2253A68E00E72884 /* Extension+UILabel.swift */,
				5963C30621BF82D5002ACE13 /* Extension+UIRefreshControl.swift */,
				59B0C56F21B75D29004495F6 /* Extension+UIStoryboard.swift */,
				5963C30421BF7CE0002ACE13 /* Extension+UIView.swift */,
				5983584321B76E0500362AC5 /* Extension+UIViewController.swift */,
			);
			path = Extension;
			sourceTree = "<group>";
		};
		59B0C56C21B7562D004495F6 /* Model */ = {
			isa = PBXGroup;
			children = (
				59B0C56D21B7563D004495F6 /* App.swift */,
			);
			path = Model;
			sourceTree = "<group>";
		};
/* End PBXGroup section */

/* Begin PBXNativeTarget section */
		59B0C52A21B74624004495F6 /* AppStore */ = {
			isa = PBXNativeTarget;
			buildConfigurationList = 59B0C55521B74626004495F6 /* Build configuration list for PBXNativeTarget "AppStore" */;
			buildPhases = (
				59B0C52721B74624004495F6 /* Sources */,
				59B0C52821B74624004495F6 /* Frameworks */,
				59B0C52921B74624004495F6 /* Resources */,
				5927A18821C2AC1000029553 /* ShellScript */,
			);
			buildRules = (
			);
			dependencies = (
			);
			name = AppStore;
			productName = AppStore;
			productReference = 59B0C52B21B74625004495F6 /* AppStore.app */;
			productType = "com.apple.product-type.application";
		};
		59B0C54021B74626004495F6 /* AppStoreTests */ = {
			isa = PBXNativeTarget;
			buildConfigurationList = 59B0C55821B74626004495F6 /* Build configuration list for PBXNativeTarget "AppStoreTests" */;
			buildPhases = (
				59B0C53D21B74626004495F6 /* Sources */,
				59B0C53E21B74626004495F6 /* Frameworks */,
				59B0C53F21B74626004495F6 /* Resources */,
			);
			buildRules = (
			);
			dependencies = (
				59B0C54321B74626004495F6 /* PBXTargetDependency */,
			);
			name = AppStoreTests;
			productName = AppStoreTests;
			productReference = 59B0C54121B74626004495F6 /* AppStoreTests.xctest */;
			productType = "com.apple.product-type.bundle.unit-test";
		};
		59B0C54B21B74626004495F6 /* AppStoreUITests */ = {
			isa = PBXNativeTarget;
			buildConfigurationList = 59B0C55B21B74626004495F6 /* Build configuration list for PBXNativeTarget "AppStoreUITests" */;
			buildPhases = (
				59B0C54821B74626004495F6 /* Sources */,
				59B0C54921B74626004495F6 /* Frameworks */,
				59B0C54A21B74626004495F6 /* Resources */,
			);
			buildRules = (
			);
			dependencies = (
				59B0C54E21B74626004495F6 /* PBXTargetDependency */,
			);
			name = AppStoreUITests;
			productName = AppStoreUITests;
			productReference = 59B0C54C21B74626004495F6 /* AppStoreUITests.xctest */;
			productType = "com.apple.product-type.bundle.ui-testing";
		};
/* End PBXNativeTarget section */

/* Begin PBXProject section */
		59B0C52321B74624004495F6 /* Project object */ = {
			isa = PBXProject;
			attributes = {
				LastSwiftUpdateCheck = 1010;
				LastUpgradeCheck = 1010;
				ORGANIZATIONNAME = "Quan Vo";
				TargetAttributes = {
					59B0C52A21B74624004495F6 = {
						CreatedOnToolsVersion = 10.1;
					};
					59B0C54021B74626004495F6 = {
						CreatedOnToolsVersion = 10.1;
						TestTargetID = 59B0C52A21B74624004495F6;
					};
					59B0C54B21B74626004495F6 = {
						CreatedOnToolsVersion = 10.1;
						TestTargetID = 59B0C52A21B74624004495F6;
					};
				};
			};
			buildConfigurationList = 59B0C52621B74624004495F6 /* Build configuration list for PBXProject "AppStore" */;
			compatibilityVersion = "Xcode 9.3";
			developmentRegion = en;
			hasScannedForEncodings = 0;
			knownRegions = (
				en,
				Base,
			);
			mainGroup = 59B0C52221B74624004495F6;
			productRefGroup = 59B0C52C21B74625004495F6 /* Products */;
			projectDirPath = "";
			projectRoot = "";
			targets = (
				59B0C52A21B74624004495F6 /* AppStore */,
				59B0C54021B74626004495F6 /* AppStoreTests */,
				59B0C54B21B74626004495F6 /* AppStoreUITests */,
			);
		};
/* End PBXProject section */

/* Begin PBXResourcesBuildPhase section */
		59B0C52921B74624004495F6 /* Resources */ = {
			isa = PBXResourcesBuildPhase;
			buildActionMask = 2147483647;
			files = (
				595BC75621BA5D4300A9CE80 /* AppDetailVersionCell.xib in Resources */,
				5903C15E21BA052C0012DDFA /* AppDetailScreenshotCell.xib in Resources */,
				59B0C53B21B74626004495F6 /* LaunchScreen.storyboard in Resources */,
				5952A1B021B9FFE000DA4394 /* AppDetailScreenshotsCell.xib in Resources */,
				59B0C53821B74626004495F6 /* Assets.xcassets in Resources */,
				59D0E52C21BA67C00023B55D /* AppDetailInfoCell.xib in Resources */,
				59D7A5CA21BA518800161FAF /* AppDetailDescriptionCell.xib in Resources */,
				59146BE221B9F46A00F2744C /* AppDetailRatingsCell.xib in Resources */,
				595BF0C021B89EC400965F1E /* LargeAppCell.xib in Resources */,
				59B0C53621B74625004495F6 /* Main.storyboard in Resources */,
				59D361F721B9B3AA00BFA96E /* AppDetailHeaderCell.xib in Resources */,
			);
			runOnlyForDeploymentPostprocessing = 0;
		};
		59B0C53F21B74626004495F6 /* Resources */ = {
			isa = PBXResourcesBuildPhase;
			buildActionMask = 2147483647;
			files = (
			);
			runOnlyForDeploymentPostprocessing = 0;
		};
		59B0C54A21B74626004495F6 /* Resources */ = {
			isa = PBXResourcesBuildPhase;
			buildActionMask = 2147483647;
			files = (
			);
			runOnlyForDeploymentPostprocessing = 0;
		};
/* End PBXResourcesBuildPhase section */

/* Begin PBXShellScriptBuildPhase section */
		5927A18821C2AC1000029553 /* ShellScript */ = {
			isa = PBXShellScriptBuildPhase;
			buildActionMask = 2147483647;
			files = (
			);
			inputFileListPaths = (
			);
			inputPaths = (
			);
			outputFileListPaths = (
			);
			outputPaths = (
			);
			runOnlyForDeploymentPostprocessing = 0;
			shellPath = /bin/sh;
			shellScript = "if which swiftlint >/dev/null; then\n    swiftlint\nelse\n    echo \"warning: SwiftLint not installed, download from https://github.com/realm/SwiftLint\"\nfi\n";
		};
/* End PBXShellScriptBuildPhase section */

/* Begin PBXSourcesBuildPhase section */
		59B0C52721B74624004495F6 /* Sources */ = {
			isa = PBXSourcesBuildPhase;
			buildActionMask = 2147483647;
			files = (
				59D7A5CC21BA52B500161FAF /* AppDetailDescriptionCell.swift in Sources */,
				59B0C57021B75D29004495F6 /* Extension+UIStoryboard.swift in Sources */,
				5963C30121BF447C002ACE13 /* DeleteService.swift in Sources */,
				59B0C56821B74DB0004495F6 /* Factory.swift in Sources */,
				593F96BE2253A68E00E72884 /* Extension+UILabel.swift in Sources */,
				59B0C56221B74C37004495F6 /* SearchViewController.swift in Sources */,
				5956318921B932060010B2BE /* CategoriesService.swift in Sources */,
				595BF0B021B8549D00965F1E /* CustomError.swift in Sources */,
				592A6C2E21B8B5EF00AC2865 /* Constant.swift in Sources */,
				59B0C53321B74625004495F6 /* MostViewedViewController.swift in Sources */,
				5903C15C21BA051E0012DDFA /* AppDetailScreenshotCell.swift in Sources */,
				592A6C3721B8DF0300AC2865 /* SearchResultsVC+TableViewDelegate.swift in Sources */,
				5952A1B221BA003300DA4394 /* AppDetailScreenshotsCell.swift in Sources */,
				592A6C2C21B8B51600AC2865 /* ImageLoading.swift in Sources */,
				595BF0B921B8785A00965F1E /* SearchResultsVC+SearchBarDelegate.swift in Sources */,
				595BF0B221B86C3D00965F1E /* SearchResultsViewController.swift in Sources */,
				59F5EA9121B9BC550034B18E /* AppDetailViewController.swift in Sources */,
				59F8819E21BA74D500F21F1E /* MostViewedService.swift in Sources */,
				595BC75821BA5EC500A9CE80 /* AppDetailVersionCell.swift in Sources */,
				59146BE421B9F78A00F2744C /* AppDetailRatingsCell.swift in Sources */,
				5916D07921B7AE4700FD98DA /* Result.swift in Sources */,
				595BF0B721B8783500965F1E /* SearchResultsVC+SearchResultsUpdating.swift in Sources */,
				59B0C52F21B74625004495F6 /* AppDelegate.swift in Sources */,
				59F8819C21BA6FB200F21F1E /* Extension+String.swift in Sources */,
				59B0C56021B74C24004495F6 /* CategoriesViewController.swift in Sources */,
				59D361F921B9B73D00BFA96E /* AppDetailHeaderCell.swift in Sources */,
				5983584421B76E0500362AC5 /* Extension+UIViewController.swift in Sources */,
				5963C30521BF7CE0002ACE13 /* Extension+UIView.swift in Sources */,
				59B0C56E21B7563D004495F6 /* App.swift in Sources */,
				599879B521BF110C00681F6E /* NewViewController.swift in Sources */,
				5984542021BF0E3A00FD729F /* NewService.swift in Sources */,
				59D0E52E21BA686F0023B55D /* AppDetailInfoCell.swift in Sources */,
				5916D07621B7A7D800FD98DA /* SearchService.swift in Sources */,
				59B0C56521B74D1E004495F6 /* RecentService.swift in Sources */,
				5956318B21B936D30010B2BE /* CategoryViewController.swift in Sources */,
				59B0C53121B74625004495F6 /* RecentViewController.swift in Sources */,
				595BF0BD21B89C3A00965F1E /* SearchVC+TableViewDelegate.swift in Sources */,
				592A6C3921B8E0A900AC2865 /* SearchResultsVC+SearchVCDelegate.swift in Sources */,
				595BF0C221B8AD0F00965F1E /* LargeAppCell.swift in Sources */,
				5963C30721BF82D5002ACE13 /* Extension+UIRefreshControl.swift in Sources */,
				592A6C3521B8DEE000AC2865 /* SearchResultsVC+TableViewDataSource.swift in Sources */,
				592A6C3321B8DD8D00AC2865 /* SearchVC+SearchResultsVCDelegate.swift in Sources */,
				595BF0B521B877E700965F1E /* SearchVC+TableViewDataSource.swift in Sources */,
				59F5EA8F21B9B98D0034B18E /* Extension+UIColor.swift in Sources */,
			);
			runOnlyForDeploymentPostprocessing = 0;
		};
		59B0C53D21B74626004495F6 /* Sources */ = {
			isa = PBXSourcesBuildPhase;
			buildActionMask = 2147483647;
			files = (
				59B0C54621B74626004495F6 /* AppStoreTests.swift in Sources */,
			);
			runOnlyForDeploymentPostprocessing = 0;
		};
		59B0C54821B74626004495F6 /* Sources */ = {
			isa = PBXSourcesBuildPhase;
			buildActionMask = 2147483647;
			files = (
				59B0C55121B74626004495F6 /* AppStoreUITests.swift in Sources */,
			);
			runOnlyForDeploymentPostprocessing = 0;
		};
/* End PBXSourcesBuildPhase section */

/* Begin PBXTargetDependency section */
		59B0C54321B74626004495F6 /* PBXTargetDependency */ = {
			isa = PBXTargetDependency;
			target = 59B0C52A21B74624004495F6 /* AppStore */;
			targetProxy = 59B0C54221B74626004495F6 /* PBXContainerItemProxy */;
		};
		59B0C54E21B74626004495F6 /* PBXTargetDependency */ = {
			isa = PBXTargetDependency;
			target = 59B0C52A21B74624004495F6 /* AppStore */;
			targetProxy = 59B0C54D21B74626004495F6 /* PBXContainerItemProxy */;
		};
/* End PBXTargetDependency section */

/* Begin PBXVariantGroup section */
		59B0C53421B74625004495F6 /* Main.storyboard */ = {
			isa = PBXVariantGroup;
			children = (
				59B0C53521B74625004495F6 /* Base */,
			);
			name = Main.storyboard;
			sourceTree = "<group>";
		};
		59B0C53921B74626004495F6 /* LaunchScreen.storyboard */ = {
			isa = PBXVariantGroup;
			children = (
				59B0C53A21B74626004495F6 /* Base */,
			);
			name = LaunchScreen.storyboard;
			sourceTree = "<group>";
		};
/* End PBXVariantGroup section */

/* Begin XCBuildConfiguration section */
		59B0C55321B74626004495F6 /* Debug */ = {
			isa = XCBuildConfiguration;
			buildSettings = {
				ALWAYS_SEARCH_USER_PATHS = NO;
				CLANG_ANALYZER_NONNULL = YES;
				CLANG_ANALYZER_NUMBER_OBJECT_CONVERSION = YES_AGGRESSIVE;
				CLANG_CXX_LANGUAGE_STANDARD = "gnu++14";
				CLANG_CXX_LIBRARY = "libc++";
				CLANG_ENABLE_MODULES = YES;
				CLANG_ENABLE_OBJC_ARC = YES;
				CLANG_ENABLE_OBJC_WEAK = YES;
				CLANG_WARN_BLOCK_CAPTURE_AUTORELEASING = YES;
				CLANG_WARN_BOOL_CONVERSION = YES;
				CLANG_WARN_COMMA = YES;
				CLANG_WARN_CONSTANT_CONVERSION = YES;
				CLANG_WARN_DEPRECATED_OBJC_IMPLEMENTATIONS = YES;
				CLANG_WARN_DIRECT_OBJC_ISA_USAGE = YES_ERROR;
				CLANG_WARN_DOCUMENTATION_COMMENTS = YES;
				CLANG_WARN_EMPTY_BODY = YES;
				CLANG_WARN_ENUM_CONVERSION = YES;
				CLANG_WARN_INFINITE_RECURSION = YES;
				CLANG_WARN_INT_CONVERSION = YES;
				CLANG_WARN_NON_LITERAL_NULL_CONVERSION = YES;
				CLANG_WARN_OBJC_IMPLICIT_RETAIN_SELF = YES;
				CLANG_WARN_OBJC_LITERAL_CONVERSION = YES;
				CLANG_WARN_OBJC_ROOT_CLASS = YES_ERROR;
				CLANG_WARN_RANGE_LOOP_ANALYSIS = YES;
				CLANG_WARN_STRICT_PROTOTYPES = YES;
				CLANG_WARN_SUSPICIOUS_MOVE = YES;
				CLANG_WARN_UNGUARDED_AVAILABILITY = YES_AGGRESSIVE;
				CLANG_WARN_UNREACHABLE_CODE = YES;
				CLANG_WARN__DUPLICATE_METHOD_MATCH = YES;
				CODE_SIGN_IDENTITY = "iPhone Developer";
				COPY_PHASE_STRIP = NO;
				DEBUG_INFORMATION_FORMAT = dwarf;
				ENABLE_STRICT_OBJC_MSGSEND = YES;
				ENABLE_TESTABILITY = YES;
				GCC_C_LANGUAGE_STANDARD = gnu11;
				GCC_DYNAMIC_NO_PIC = NO;
				GCC_NO_COMMON_BLOCKS = YES;
				GCC_OPTIMIZATION_LEVEL = 0;
				GCC_PREPROCESSOR_DEFINITIONS = (
					"DEBUG=1",
					"$(inherited)",
				);
				GCC_WARN_64_TO_32_BIT_CONVERSION = YES;
				GCC_WARN_ABOUT_RETURN_TYPE = YES_ERROR;
				GCC_WARN_UNDECLARED_SELECTOR = YES;
				GCC_WARN_UNINITIALIZED_AUTOS = YES_AGGRESSIVE;
				GCC_WARN_UNUSED_FUNCTION = YES;
				GCC_WARN_UNUSED_VARIABLE = YES;
				IPHONEOS_DEPLOYMENT_TARGET = 12.1;
				MTL_ENABLE_DEBUG_INFO = INCLUDE_SOURCE;
				MTL_FAST_MATH = YES;
				ONLY_ACTIVE_ARCH = YES;
				SDKROOT = iphoneos;
				SWIFT_ACTIVE_COMPILATION_CONDITIONS = DEBUG;
				SWIFT_OPTIMIZATION_LEVEL = "-Onone";
			};
			name = Debug;
		};
		59B0C55421B74626004495F6 /* Release */ = {
			isa = XCBuildConfiguration;
			buildSettings = {
				ALWAYS_SEARCH_USER_PATHS = NO;
				CLANG_ANALYZER_NONNULL = YES;
				CLANG_ANALYZER_NUMBER_OBJECT_CONVERSION = YES_AGGRESSIVE;
				CLANG_CXX_LANGUAGE_STANDARD = "gnu++14";
				CLANG_CXX_LIBRARY = "libc++";
				CLANG_ENABLE_MODULES = YES;
				CLANG_ENABLE_OBJC_ARC = YES;
				CLANG_ENABLE_OBJC_WEAK = YES;
				CLANG_WARN_BLOCK_CAPTURE_AUTORELEASING = YES;
				CLANG_WARN_BOOL_CONVERSION = YES;
				CLANG_WARN_COMMA = YES;
				CLANG_WARN_CONSTANT_CONVERSION = YES;
				CLANG_WARN_DEPRECATED_OBJC_IMPLEMENTATIONS = YES;
				CLANG_WARN_DIRECT_OBJC_ISA_USAGE = YES_ERROR;
				CLANG_WARN_DOCUMENTATION_COMMENTS = YES;
				CLANG_WARN_EMPTY_BODY = YES;
				CLANG_WARN_ENUM_CONVERSION = YES;
				CLANG_WARN_INFINITE_RECURSION = YES;
				CLANG_WARN_INT_CONVERSION = YES;
				CLANG_WARN_NON_LITERAL_NULL_CONVERSION = YES;
				CLANG_WARN_OBJC_IMPLICIT_RETAIN_SELF = YES;
				CLANG_WARN_OBJC_LITERAL_CONVERSION = YES;
				CLANG_WARN_OBJC_ROOT_CLASS = YES_ERROR;
				CLANG_WARN_RANGE_LOOP_ANALYSIS = YES;
				CLANG_WARN_STRICT_PROTOTYPES = YES;
				CLANG_WARN_SUSPICIOUS_MOVE = YES;
				CLANG_WARN_UNGUARDED_AVAILABILITY = YES_AGGRESSIVE;
				CLANG_WARN_UNREACHABLE_CODE = YES;
				CLANG_WARN__DUPLICATE_METHOD_MATCH = YES;
				CODE_SIGN_IDENTITY = "iPhone Developer";
				COPY_PHASE_STRIP = NO;
				DEBUG_INFORMATION_FORMAT = "dwarf-with-dsym";
				ENABLE_NS_ASSERTIONS = NO;
				ENABLE_STRICT_OBJC_MSGSEND = YES;
				GCC_C_LANGUAGE_STANDARD = gnu11;
				GCC_NO_COMMON_BLOCKS = YES;
				GCC_WARN_64_TO_32_BIT_CONVERSION = YES;
				GCC_WARN_ABOUT_RETURN_TYPE = YES_ERROR;
				GCC_WARN_UNDECLARED_SELECTOR = YES;
				GCC_WARN_UNINITIALIZED_AUTOS = YES_AGGRESSIVE;
				GCC_WARN_UNUSED_FUNCTION = YES;
				GCC_WARN_UNUSED_VARIABLE = YES;
				IPHONEOS_DEPLOYMENT_TARGET = 12.1;
				MTL_ENABLE_DEBUG_INFO = NO;
				MTL_FAST_MATH = YES;
				SDKROOT = iphoneos;
				SWIFT_COMPILATION_MODE = wholemodule;
				SWIFT_OPTIMIZATION_LEVEL = "-O";
				VALIDATE_PRODUCT = YES;
			};
			name = Release;
		};
		59B0C55621B74626004495F6 /* Debug */ = {
			isa = XCBuildConfiguration;
			buildSettings = {
				ASSETCATALOG_COMPILER_APPICON_NAME = AppIcon;
				CODE_SIGN_STYLE = Automatic;
				DEVELOPMENT_TEAM = 8UMN526X69;
				INFOPLIST_FILE = AppStore/Info.plist;
				LD_RUNPATH_SEARCH_PATHS = (
					"$(inherited)",
					"@executable_path/Frameworks",
				);
				PRODUCT_BUNDLE_IDENTIFIER = com.quanvo.AppStore;
				PRODUCT_NAME = "$(TARGET_NAME)";
				SWIFT_VERSION = 4.2;
				TARGETED_DEVICE_FAMILY = 1;
			};
			name = Debug;
		};
		59B0C55721B74626004495F6 /* Release */ = {
			isa = XCBuildConfiguration;
			buildSettings = {
				ASSETCATALOG_COMPILER_APPICON_NAME = AppIcon;
				CODE_SIGN_STYLE = Automatic;
				DEVELOPMENT_TEAM = 8UMN526X69;
				INFOPLIST_FILE = AppStore/Info.plist;
				LD_RUNPATH_SEARCH_PATHS = (
					"$(inherited)",
					"@executable_path/Frameworks",
				);
				PRODUCT_BUNDLE_IDENTIFIER = com.quanvo.AppStore;
				PRODUCT_NAME = "$(TARGET_NAME)";
				SWIFT_VERSION = 4.2;
				TARGETED_DEVICE_FAMILY = 1;
			};
			name = Release;
		};
		59B0C55921B74626004495F6 /* Debug */ = {
			isa = XCBuildConfiguration;
			buildSettings = {
				ALWAYS_EMBED_SWIFT_STANDARD_LIBRARIES = YES;
				BUNDLE_LOADER = "$(TEST_HOST)";
				CODE_SIGN_STYLE = Automatic;
				DEVELOPMENT_TEAM = 8UMN526X69;
				INFOPLIST_FILE = AppStoreTests/Info.plist;
				LD_RUNPATH_SEARCH_PATHS = (
					"$(inherited)",
					"@executable_path/Frameworks",
					"@loader_path/Frameworks",
				);
				PRODUCT_BUNDLE_IDENTIFIER = com.quanvo.AppStoreTests;
				PRODUCT_NAME = "$(TARGET_NAME)";
				SWIFT_VERSION = 4.2;
				TARGETED_DEVICE_FAMILY = "1,2";
				TEST_HOST = "$(BUILT_PRODUCTS_DIR)/AppStore.app/AppStore";
			};
			name = Debug;
		};
		59B0C55A21B74626004495F6 /* Release */ = {
			isa = XCBuildConfiguration;
			buildSettings = {
				ALWAYS_EMBED_SWIFT_STANDARD_LIBRARIES = YES;
				BUNDLE_LOADER = "$(TEST_HOST)";
				CODE_SIGN_STYLE = Automatic;
				DEVELOPMENT_TEAM = 8UMN526X69;
				INFOPLIST_FILE = AppStoreTests/Info.plist;
				LD_RUNPATH_SEARCH_PATHS = (
					"$(inherited)",
					"@executable_path/Frameworks",
					"@loader_path/Frameworks",
				);
				PRODUCT_BUNDLE_IDENTIFIER = com.quanvo.AppStoreTests;
				PRODUCT_NAME = "$(TARGET_NAME)";
				SWIFT_VERSION = 4.2;
				TARGETED_DEVICE_FAMILY = "1,2";
				TEST_HOST = "$(BUILT_PRODUCTS_DIR)/AppStore.app/AppStore";
			};
			name = Release;
		};
		59B0C55C21B74626004495F6 /* Debug */ = {
			isa = XCBuildConfiguration;
			buildSettings = {
				ALWAYS_EMBED_SWIFT_STANDARD_LIBRARIES = YES;
				CODE_SIGN_STYLE = Automatic;
				DEVELOPMENT_TEAM = 8UMN526X69;
				INFOPLIST_FILE = AppStoreUITests/Info.plist;
				LD_RUNPATH_SEARCH_PATHS = (
					"$(inherited)",
					"@executable_path/Frameworks",
					"@loader_path/Frameworks",
				);
				PRODUCT_BUNDLE_IDENTIFIER = com.quanvo.AppStoreUITests;
				PRODUCT_NAME = "$(TARGET_NAME)";
				SWIFT_VERSION = 4.2;
				TARGETED_DEVICE_FAMILY = "1,2";
				TEST_TARGET_NAME = AppStore;
			};
			name = Debug;
		};
		59B0C55D21B74626004495F6 /* Release */ = {
			isa = XCBuildConfiguration;
			buildSettings = {
				ALWAYS_EMBED_SWIFT_STANDARD_LIBRARIES = YES;
				CODE_SIGN_STYLE = Automatic;
				DEVELOPMENT_TEAM = 8UMN526X69;
				INFOPLIST_FILE = AppStoreUITests/Info.plist;
				LD_RUNPATH_SEARCH_PATHS = (
					"$(inherited)",
					"@executable_path/Frameworks",
					"@loader_path/Frameworks",
				);
				PRODUCT_BUNDLE_IDENTIFIER = com.quanvo.AppStoreUITests;
				PRODUCT_NAME = "$(TARGET_NAME)";
				SWIFT_VERSION = 4.2;
				TARGETED_DEVICE_FAMILY = "1,2";
				TEST_TARGET_NAME = AppStore;
			};
			name = Release;
		};
/* End XCBuildConfiguration section */

/* Begin XCConfigurationList section */
		59B0C52621B74624004495F6 /* Build configuration list for PBXProject "AppStore" */ = {
			isa = XCConfigurationList;
			buildConfigurations = (
				59B0C55321B74626004495F6 /* Debug */,
				59B0C55421B74626004495F6 /* Release */,
			);
			defaultConfigurationIsVisible = 0;
			defaultConfigurationName = Release;
		};
		59B0C55521B74626004495F6 /* Build configuration list for PBXNativeTarget "AppStore" */ = {
			isa = XCConfigurationList;
			buildConfigurations = (
				59B0C55621B74626004495F6 /* Debug */,
				59B0C55721B74626004495F6 /* Release */,
			);
			defaultConfigurationIsVisible = 0;
			defaultConfigurationName = Release;
		};
		59B0C55821B74626004495F6 /* Build configuration list for PBXNativeTarget "AppStoreTests" */ = {
			isa = XCConfigurationList;
			buildConfigurations = (
				59B0C55921B74626004495F6 /* Debug */,
				59B0C55A21B74626004495F6 /* Release */,
			);
			defaultConfigurationIsVisible = 0;
			defaultConfigurationName = Release;
		};
		59B0C55B21B74626004495F6 /* Build configuration list for PBXNativeTarget "AppStoreUITests" */ = {
			isa = XCConfigurationList;
			buildConfigurations = (
				59B0C55C21B74626004495F6 /* Debug */,
				59B0C55D21B74626004495F6 /* Release */,
			);
			defaultConfigurationIsVisible = 0;
			defaultConfigurationName = Release;
		};
/* End XCConfigurationList section */
	};
	rootObject = 59B0C52321B74624004495F6 /* Project object */;
}
